# generated by rye
# use `rye lock` or `rye sync` to update this lockfile
#
# last locked with the following flags:
#   pre: false
#   features: []
#   all-features: false
#   with-sources: false
#   generate-hashes: false
#   universal: false

-e file:.
certifi==2025.1.31
    # via requests
charset-normalizer==3.4.1
    # via requests
idna==3.10
    # via requests
ipush==0.6.0
    # via predeldomain
lxml==5.3.2
    # via ipush
requests==2.32.3
    # via ipush
urllib3==2.4.0
    # via requests
whois==1.20240129.2
    # via predeldomain
